
Microsoft Visual Studio Solution File, Format Version 12.00
# Visual Studio 15
VisualStudioVersion = 15.0.27703.2035
MinimumVisualStudioVersion = 10.0.40219.1
Project("{FAE04EC0-301F-11D3-BF4B-00C04F79EFBC}") = "TravelGuideTunisia.Mobile.Android", "TravelGuideTunisia.Mobile\TravelGuideTunisia.Mobile.Android\TravelGuideTunisia.Mobile.Android.csproj", "{9D75E47A-7EC3-488F-B3D5-7D5C103B6C39}"
EndProject
Project("{FAE04EC0-301F-11D3-BF4B-00C04F79EFBC}") = "TravelGuideTunisia.Mobile.iOS", "TravelGuideTunisia.Mobile\TravelGuideTunisia.Mobile.iOS\TravelGuideTunisia.Mobile.iOS.csproj", "{7353A9C3-DCC5-4744-B34B-6E2BB0F1B508}"
EndProject
Project("{FAE04EC0-301F-11D3-BF4B-00C04F79EFBC}") = "TravelGuideTunisia.Mobile", "TravelGuideTunisia.Mobile\TravelGuideTunisia.Mobile\TravelGuideTunisia.Mobile.csproj", "{0CAB6F61-37E4-4D06-BD7D-AFC91CCEE7DE}"
EndProject
Global
	GlobalSection(SolutionConfigurationPlatforms) = preSolution
		Debug|Any CPU = Debug|Any CPU
		Debug|iPhone = Debug|iPhone
		Debug|iPhoneSimulator = Debug|iPhoneSimulator
		Release|Any CPU = Release|Any CPU
		Release|iPhone = Release|iPhone
		Release|iPhoneSimulator = Release|iPhoneSimulator
	EndGlobalSection
	GlobalSection(ProjectConfigurationPlatforms) = postSolution
		{9D75E47A-7EC3-488F-B3D5-7D5C103B6C39}.Debug|Any CPU.ActiveCfg = Debug|Any CPU
		{9D75E47A-7EC3-488F-B3D5-7D5C103B6C39}.Debug|Any CPU.Build.0 = Debug|Any CPU
		{9D75E47A-7EC3-488F-B3D5-7D5C103B6C39}.Debug|Any CPU.Deploy.0 = Debug|Any CPU
		{9D75E47A-7EC3-488F-B3D5-7D5C103B6C39}.Debug|iPhone.ActiveCfg = Debug|Any CPU
		{9D75E47A-7EC3-488F-B3D5-7D5C103B6C39}.Debug|iPhone.Build.0 = Debug|Any CPU
		{9D75E47A-7EC3-488F-B3D5-7D5C103B6C39}.Debug|iPhone.Deploy.0 = Debug|Any CPU
		{9D75E47A-7EC3-488F-B3D5-7D5C103B6C39}.Debug|iPhoneSimulator.ActiveCfg = Debug|Any CPU
		{9D75E47A-7EC3-488F-B3D5-7D5C103B6C39}.Debug|iPhoneSimulator.Build.0 = Debug|Any CPU
		{9D75E47A-7EC3-488F-B3D5-7D5C103B6C39}.Debug|iPhoneSimulator.Deploy.0 = Debug|Any CPU
		{9D75E47A-7EC3-488F-B3D5-7D5C103B6C39}.Release|Any CPU.ActiveCfg = Release|Any CPU
		{9D75E47A-7EC3-488F-B3D5-7D5C103B6C39}.Release|Any CPU.Build.0 = Release|Any CPU
		{9D75E47A-7EC3-488F-B3D5-7D5C103B6C39}.Release|Any CPU.Deploy.0 = Release|Any CPU
		{9D75E47A-7EC3-488F-B3D5-7D5C103B6C39}.Release|iPhone.ActiveCfg = Release|Any CPU
		{9D75E47A-7EC3-488F-B3D5-7D5C103B6C39}.Release|iPhone.Build.0 = Release|Any CPU
		{9D75E47A-7EC3-488F-B3D5-7D5C103B6C39}.Release|iPhone.Deploy.0 = Release|Any CPU
		{9D75E47A-7EC3-488F-B3D5-7D5C103B6C39}.Release|iPhoneSimulator.ActiveCfg = Release|Any CPU
		{9D75E47A-7EC3-488F-B3D5-7D5C103B6C39}.Release|iPhoneSimulator.Build.0 = Release|Any CPU
		{9D75E47A-7EC3-488F-B3D5-7D5C103B6C39}.Release|iPhoneSimulator.Deploy.0 = Release|Any CPU
		{7353A9C3-DCC5-4744-B34B-6E2BB0F1B508}.Debug|Any CPU.ActiveCfg = Debug|iPhoneSimulator
		{7353A9C3-DCC5-4744-B34B-6E2BB0F1B508}.Debug|Any CPU.Build.0 = Debug|iPhoneSimulator
		{7353A9C3-DCC5-4744-B34B-6E2BB0F1B508}.Debug|Any CPU.Deploy.0 = Debug|iPhoneSimulator
		{7353A9C3-DCC5-4744-B34B-6E2BB0F1B508}.Debug|iPhone.ActiveCfg = Debug|iPhone
		{7353A9C3-DCC5-4744-B34B-6E2BB0F1B508}.Debug|iPhone.Build.0 = Debug|iPhone
		{7353A9C3-DCC5-4744-B34B-6E2BB0F1B508}.Debug|iPhone.Deploy.0 = Debug|iPhone
		{7353A9C3-DCC5-4744-B34B-6E2BB0F1B508}.Debug|iPhoneSimulator.ActiveCfg = Debug|iPhoneSimulator
		{7353A9C3-DCC5-4744-B34B-6E2BB0F1B508}.Debug|iPhoneSimulator.Build.0 = Debug|iPhoneSimulator
		{7353A9C3-DCC5-4744-B34B-6E2BB0F1B508}.Debug|iPhoneSimulator.Deploy.0 = Debug|iPhoneSimulator
		{7353A9C3-DCC5-4744-B34B-6E2BB0F1B508}.Release|Any CPU.ActiveCfg = Release|iPhone
		{7353A9C3-DCC5-4744-B34B-6E2BB0F1B508}.Release|Any CPU.Build.0 = Release|iPhone
		{7353A9C3-DCC5-4744-B34B-6E2BB0F1B508}.Release|Any CPU.Deploy.0 = Release|iPhone
		{7353A9C3-DCC5-4744-B34B-6E2BB0F1B508}.Release|iPhone.ActiveCfg = Release|iPhone
		{7353A9C3-DCC5-4744-B34B-6E2BB0F1B508}.Release|iPhone.Build.0 = Release|iPhone
		{7353A9C3-DCC5-4744-B34B-6E2BB0F1B508}.Release|iPhone.Deploy.0 = Release|iPhone
		{7353A9C3-DCC5-4744-B34B-6E2BB0F1B508}.Release|iPhoneSimulator.ActiveCfg = Release|iPhoneSimulator
		{7353A9C3-DCC5-4744-B34B-6E2BB0F1B508}.Release|iPhoneSimulator.Build.0 = Release|iPhoneSimulator
		{7353A9C3-DCC5-4744-B34B-6E2BB0F1B508}.Release|iPhoneSimulator.Deploy.0 = Release|iPhoneSimulator
		{0CAB6F61-37E4-4D06-BD7D-AFC91CCEE7DE}.Debug|Any CPU.ActiveCfg = Debug|Any CPU
		{0CAB6F61-37E4-4D06-BD7D-AFC91CCEE7DE}.Debug|Any CPU.Build.0 = Debug|Any CPU
		{0CAB6F61-37E4-4D06-BD7D-AFC91CCEE7DE}.Debug|Any CPU.Deploy.0 = Debug|Any CPU
		{0CAB6F61-37E4-4D06-BD7D-AFC91CCEE7DE}.Debug|iPhone.ActiveCfg = Debug|Any CPU
		{0CAB6F61-37E4-4D06-BD7D-AFC91CCEE7DE}.Debug|iPhone.Build.0 = Debug|Any CPU
		{0CAB6F61-37E4-4D06-BD7D-AFC91CCEE7DE}.Debug|iPhone.Deploy.0 = Debug|Any CPU
		{0CAB6F61-37E4-4D06-BD7D-AFC91CCEE7DE}.Debug|iPhoneSimulator.ActiveCfg = Debug|Any CPU
		{0CAB6F61-37E4-4D06-BD7D-AFC91CCEE7DE}.Debug|iPhoneSimulator.Build.0 = Debug|Any CPU
		{0CAB6F61-37E4-4D06-BD7D-AFC91CCEE7DE}.Debug|iPhoneSimulator.Deploy.0 = Debug|Any CPU
		{0CAB6F61-37E4-4D06-BD7D-AFC91CCEE7DE}.Release|Any CPU.ActiveCfg = Release|Any CPU
		{0CAB6F61-37E4-4D06-BD7D-AFC91CCEE7DE}.Release|Any CPU.Build.0 = Release|Any CPU
		{0CAB6F61-37E4-4D06-BD7D-AFC91CCEE7DE}.Release|Any CPU.Deploy.0 = Release|Any CPU
		{0CAB6F61-37E4-4D06-BD7D-AFC91CCEE7DE}.Release|iPhone.ActiveCfg = Release|Any CPU
		{0CAB6F61-37E4-4D06-BD7D-AFC91CCEE7DE}.Release|iPhone.Build.0 = Release|Any CPU
		{0CAB6F61-37E4-4D06-BD7D-AFC91CCEE7DE}.Release|iPhone.Deploy.0 = Release|Any CPU
		{0CAB6F61-37E4-4D06-BD7D-AFC91CCEE7DE}.Release|iPhoneSimulator.ActiveCfg = Release|Any CPU
		{0CAB6F61-37E4-4D06-BD7D-AFC91CCEE7DE}.Release|iPhoneSimulator.Build.0 = Release|Any CPU
		{0CAB6F61-37E4-4D06-BD7D-AFC91CCEE7DE}.Release|iPhoneSimulator.Deploy.0 = Release|Any CPU
	EndGlobalSection
	GlobalSection(SolutionProperties) = preSolution
		HideSolutionNode = FALSE
	EndGlobalSection
	GlobalSection(ExtensibilityGlobals) = postSolution
		SolutionGuid = {96ECEFDA-5D46-4063-BB94-C02E6576861F}
	EndGlobalSection
EndGlobal
