
Microsoft Visual Studio Solution File, Format Version 12.00
# Visual Studio 15
VisualStudioVersion = 15.0.27703.2035
MinimumVisualStudioVersion = 10.0.40219.1
Project("{9A19103F-16F7-4668-BE54-9A1E7A4F7556}") = "TravelGuideTunisia.Persistence", "TravelGuideTunisia.Persistence\TravelGuideTunisia.Persistence.csproj", "{7564DCA5-0FD5-4A85-BFA0-3AFA58C9364F}"
EndProject
Project("{9A19103F-16F7-4668-BE54-9A1E7A4F7556}") = "TravelGuideTunisia.Infrastructure", "TravelGuideTunisia.Infrastructure\TravelGuideTunisia.Infrastructure.csproj", "{B12CFBE6-3161-4926-B7C2-FC31C848118E}"
EndProject
Project("{9A19103F-16F7-4668-BE54-9A1E7A4F7556}") = "TravelGuideTunisia.Business", "TravelGuideTunisia.Business\TravelGuideTunisia.Business.csproj", "{254FBB93-79EE-43CA-9091-C174CC357C4C}"
EndProject
Project("{9A19103F-16F7-4668-BE54-9A1E7A4F7556}") = "TravelGuideTunisia.Services", "TravelGuideTunisia.Services\TravelGuideTunisia.Services.csproj", "{C43C145A-EEE7-479A-A92B-A1FA5F631823}"
EndProject
Project("{9A19103F-16F7-4668-BE54-9A1E7A4F7556}") = "TravelGuideTunisia.Presentation", "TravelGuideTunisia.Presentation\TravelGuideTunisia.Presentation.csproj", "{C09534BF-C1DC-46C1-86A0-B7BCFDDB1C54}"
EndProject
Global
	GlobalSection(SolutionConfigurationPlatforms) = preSolution
		Debug|Any CPU = Debug|Any CPU
		Release|Any CPU = Release|Any CPU
	EndGlobalSection
	GlobalSection(ProjectConfigurationPlatforms) = postSolution
		{7564DCA5-0FD5-4A85-BFA0-3AFA58C9364F}.Debug|Any CPU.ActiveCfg = Debug|Any CPU
		{7564DCA5-0FD5-4A85-BFA0-3AFA58C9364F}.Debug|Any CPU.Build.0 = Debug|Any CPU
		{7564DCA5-0FD5-4A85-BFA0-3AFA58C9364F}.Release|Any CPU.ActiveCfg = Release|Any CPU
		{7564DCA5-0FD5-4A85-BFA0-3AFA58C9364F}.Release|Any CPU.Build.0 = Release|Any CPU
		{B12CFBE6-3161-4926-B7C2-FC31C848118E}.Debug|Any CPU.ActiveCfg = Debug|Any CPU
		{B12CFBE6-3161-4926-B7C2-FC31C848118E}.Debug|Any CPU.Build.0 = Debug|Any CPU
		{B12CFBE6-3161-4926-B7C2-FC31C848118E}.Release|Any CPU.ActiveCfg = Release|Any CPU
		{B12CFBE6-3161-4926-B7C2-FC31C848118E}.Release|Any CPU.Build.0 = Release|Any CPU
		{254FBB93-79EE-43CA-9091-C174CC357C4C}.Debug|Any CPU.ActiveCfg = Debug|Any CPU
		{254FBB93-79EE-43CA-9091-C174CC357C4C}.Debug|Any CPU.Build.0 = Debug|Any CPU
		{254FBB93-79EE-43CA-9091-C174CC357C4C}.Release|Any CPU.ActiveCfg = Release|Any CPU
		{254FBB93-79EE-43CA-9091-C174CC357C4C}.Release|Any CPU.Build.0 = Release|Any CPU
		{C43C145A-EEE7-479A-A92B-A1FA5F631823}.Debug|Any CPU.ActiveCfg = Debug|Any CPU
		{C43C145A-EEE7-479A-A92B-A1FA5F631823}.Debug|Any CPU.Build.0 = Debug|Any CPU
		{C43C145A-EEE7-479A-A92B-A1FA5F631823}.Release|Any CPU.ActiveCfg = Release|Any CPU
		{C43C145A-EEE7-479A-A92B-A1FA5F631823}.Release|Any CPU.Build.0 = Release|Any CPU
		{C09534BF-C1DC-46C1-86A0-B7BCFDDB1C54}.Debug|Any CPU.ActiveCfg = Debug|Any CPU
		{C09534BF-C1DC-46C1-86A0-B7BCFDDB1C54}.Debug|Any CPU.Build.0 = Debug|Any CPU
		{C09534BF-C1DC-46C1-86A0-B7BCFDDB1C54}.Release|Any CPU.ActiveCfg = Release|Any CPU
		{C09534BF-C1DC-46C1-86A0-B7BCFDDB1C54}.Release|Any CPU.Build.0 = Release|Any CPU
	EndGlobalSection
	GlobalSection(SolutionProperties) = preSolution
		HideSolutionNode = FALSE
	EndGlobalSection
	GlobalSection(ExtensibilityGlobals) = postSolution
		SolutionGuid = {75A7F1E7-8AAF-4F84-8856-5248B429256B}
	EndGlobalSection
EndGlobal
